
Microsoft Visual Studio Solution File, Format Version 12.00
# Visual Studio 2013
VisualStudioVersion = 12.0.30501.0
MinimumVisualStudioVersion = 10.0.40219.1
Project("{FAE04EC0-301F-11D3-BF4B-00C04F79EFBC}") = "HRApp", "HRApp\HRApp.csproj", "{10ADC3A7-27EC-47DC-A3DD-CA1EA02A9F4D}"
EndProject
Project("{FAE04EC0-301F-11D3-BF4B-00C04F79EFBC}") = "HRApp.Model", "ClassLibrary1\HRApp.Model.csproj", "{E4EEBC57-CF38-43A4-A7B2-E59202FDD480}"
EndProject
Project("{FAE04EC0-301F-11D3-BF4B-00C04F79EFBC}") = "HRApp.Data", "HRApp.Data\HRApp.Data.csproj", "{7F4D899A-5AAF-4854-9CD5-E69694387DF7}"
EndProject
Global
	GlobalSection(SolutionConfigurationPlatforms) = preSolution
		Debug|Any CPU = Debug|Any CPU
		Release|Any CPU = Release|Any CPU
	EndGlobalSection
	GlobalSection(ProjectConfigurationPlatforms) = postSolution
		{10ADC3A7-27EC-47DC-A3DD-CA1EA02A9F4D}.Debug|Any CPU.ActiveCfg = Debug|Any CPU
		{10ADC3A7-27EC-47DC-A3DD-CA1EA02A9F4D}.Debug|Any CPU.Build.0 = Debug|Any CPU
		{10ADC3A7-27EC-47DC-A3DD-CA1EA02A9F4D}.Release|Any CPU.ActiveCfg = Release|Any CPU
		{10ADC3A7-27EC-47DC-A3DD-CA1EA02A9F4D}.Release|Any CPU.Build.0 = Release|Any CPU
		{E4EEBC57-CF38-43A4-A7B2-E59202FDD480}.Debug|Any CPU.ActiveCfg = Debug|Any CPU
		{E4EEBC57-CF38-43A4-A7B2-E59202FDD480}.Debug|Any CPU.Build.0 = Debug|Any CPU
		{E4EEBC57-CF38-43A4-A7B2-E59202FDD480}.Release|Any CPU.ActiveCfg = Release|Any CPU
		{E4EEBC57-CF38-43A4-A7B2-E59202FDD480}.Release|Any CPU.Build.0 = Release|Any CPU
		{7F4D899A-5AAF-4854-9CD5-E69694387DF7}.Debug|Any CPU.ActiveCfg = Debug|Any CPU
		{7F4D899A-5AAF-4854-9CD5-E69694387DF7}.Debug|Any CPU.Build.0 = Debug|Any CPU
		{7F4D899A-5AAF-4854-9CD5-E69694387DF7}.Release|Any CPU.ActiveCfg = Release|Any CPU
		{7F4D899A-5AAF-4854-9CD5-E69694387DF7}.Release|Any CPU.Build.0 = Release|Any CPU
	EndGlobalSection
	GlobalSection(SolutionProperties) = preSolution
		HideSolutionNode = FALSE
	EndGlobalSection
EndGlobal
